// !$*UTF8*$!
{
	archiveVersion = 1;
	classes = {
	};
	objectVersion = 50;
	objects = {

/* Begin PBXBuildFile section */
		381F76BB22A056DF001627D6 /* Rectangle.swift in Sources */ = {isa = PBXBuildFile; fileRef = 381F76BA22A056DF001627D6 /* Rectangle.swift */; };
		38271A83228764AE00395000 /* AppDelegate.swift in Sources */ = {isa = PBXBuildFile; fileRef = 38271A82228764AE00395000 /* AppDelegate.swift */; };
		38271A85228764AE00395000 /* ViewController.swift in Sources */ = {isa = PBXBuildFile; fileRef = 38271A84228764AE00395000 /* ViewController.swift */; };
		38271A88228764AE00395000 /* Main.storyboard in Resources */ = {isa = PBXBuildFile; fileRef = 38271A86228764AE00395000 /* Main.storyboard */; };
		38271A8A228764B000395000 /* Assets.xcassets in Resources */ = {isa = PBXBuildFile; fileRef = 38271A89228764B000395000 /* Assets.xcassets */; };
		38271A8D228764B000395000 /* LaunchScreen.storyboard in Resources */ = {isa = PBXBuildFile; fileRef = 38271A8B228764B000395000 /* LaunchScreen.storyboard */; };
		38BF608B22A1D6340017633B /* TestProtocol.swift in Sources */ = {isa = PBXBuildFile; fileRef = 38BF608A22A1D6340017633B /* TestProtocol.swift */; };
		38BF608D22A1D6750017633B /* TestImpl.swift in Sources */ = {isa = PBXBuildFile; fileRef = 38BF608C22A1D6750017633B /* TestImpl.swift */; };
		38BF608F22A1DCF50017633B /* Square.swift in Sources */ = {isa = PBXBuildFile; fileRef = 38BF608E22A1DCF50017633B /* Square.swift */; };
		38BF609422A1EC7C0017633B /* Dog.swift in Sources */ = {isa = PBXBuildFile; fileRef = 38BF609322A1EC7C0017633B /* Dog.swift */; };
		38BF609722A293B00017633B /* SingletonUser.swift in Sources */ = {isa = PBXBuildFile; fileRef = 38BF609622A293B00017633B /* SingletonUser.swift */; };
		38BF60BA22A2CEC40017633B /* Owner.swift in Sources */ = {isa = PBXBuildFile; fileRef = 38BF60B922A2CEC40017633B /* Owner.swift */; };
		38BF60BC22A2CED20017633B /* Appartment.swift in Sources */ = {isa = PBXBuildFile; fileRef = 38BF60BB22A2CED20017633B /* Appartment.swift */; };
		38BF60BF22A47A310017633B /* SubscriptTest.swift in Sources */ = {isa = PBXBuildFile; fileRef = 38BF60BE22A47A310017633B /* SubscriptTest.swift */; };
		38BF60C222A484930017633B /* LazyDemo.swift in Sources */ = {isa = PBXBuildFile; fileRef = 38BF60C122A484930017633B /* LazyDemo.swift */; };
/* End PBXBuildFile section */

/* Begin PBXFileReference section */
		381F76BA22A056DF001627D6 /* Rectangle.swift */ = {isa = PBXFileReference; lastKnownFileType = sourcecode.swift; path = Rectangle.swift; sourceTree = "<group>"; };
		38271A7F228764AE00395000 /* demo.app */ = {isa = PBXFileReference; explicitFileType = wrapper.application; includeInIndex = 0; path = demo.app; sourceTree = BUILT_PRODUCTS_DIR; };
		38271A82228764AE00395000 /* AppDelegate.swift */ = {isa = PBXFileReference; lastKnownFileType = sourcecode.swift; path = AppDelegate.swift; sourceTree = "<group>"; };
		38271A84228764AE00395000 /* ViewController.swift */ = {isa = PBXFileReference; lastKnownFileType = sourcecode.swift; path = ViewController.swift; sourceTree = "<group>"; };
		38271A87228764AE00395000 /* Base */ = {isa = PBXFileReference; lastKnownFileType = file.storyboard; name = Base; path = Base.lproj/Main.storyboard; sourceTree = "<group>"; };
		38271A89228764B000395000 /* Assets.xcassets */ = {isa = PBXFileReference; lastKnownFileType = folder.assetcatalog; path = Assets.xcassets; sourceTree = "<group>"; };
		38271A8C228764B000395000 /* Base */ = {isa = PBXFileReference; lastKnownFileType = file.storyboard; name = Base; path = Base.lproj/LaunchScreen.storyboard; sourceTree = "<group>"; };
		38271A8E228764B000395000 /* Info.plist */ = {isa = PBXFileReference; lastKnownFileType = text.plist.xml; path = Info.plist; sourceTree = "<group>"; };
		38BF608A22A1D6340017633B /* TestProtocol.swift */ = {isa = PBXFileReference; lastKnownFileType = sourcecode.swift; path = TestProtocol.swift; sourceTree = "<group>"; };
		38BF608C22A1D6750017633B /* TestImpl.swift */ = {isa = PBXFileReference; lastKnownFileType = sourcecode.swift; path = TestImpl.swift; sourceTree = "<group>"; };
		38BF608E22A1DCF50017633B /* Square.swift */ = {isa = PBXFileReference; lastKnownFileType = sourcecode.swift; path = Square.swift; sourceTree = "<group>"; };
		38BF609322A1EC7C0017633B /* Dog.swift */ = {isa = PBXFileReference; lastKnownFileType = sourcecode.swift; path = Dog.swift; sourceTree = "<group>"; };
		38BF609622A293B00017633B /* SingletonUser.swift */ = {isa = PBXFileReference; lastKnownFileType = sourcecode.swift; path = SingletonUser.swift; sourceTree = "<group>"; };
		38BF60B922A2CEC40017633B /* Owner.swift */ = {isa = PBXFileReference; lastKnownFileType = sourcecode.swift; path = Owner.swift; sourceTree = "<group>"; };
		38BF60BB22A2CED20017633B /* Appartment.swift */ = {isa = PBXFileReference; lastKnownFileType = sourcecode.swift; path = Appartment.swift; sourceTree = "<group>"; };
		38BF60BE22A47A310017633B /* SubscriptTest.swift */ = {isa = PBXFileReference; lastKnownFileType = sourcecode.swift; path = SubscriptTest.swift; sourceTree = "<group>"; };
		38BF60C122A484930017633B /* LazyDemo.swift */ = {isa = PBXFileReference; lastKnownFileType = sourcecode.swift; path = LazyDemo.swift; sourceTree = "<group>"; };
/* End PBXFileReference section */

/* Begin PBXFrameworksBuildPhase section */
		38271A7C228764AE00395000 /* Frameworks */ = {
			isa = PBXFrameworksBuildPhase;
			buildActionMask = 2147483647;
			files = (
			);
			runOnlyForDeploymentPostprocessing = 0;
		};
/* End PBXFrameworksBuildPhase section */

/* Begin PBXGroup section */
		38271A76228764AE00395000 = {
			isa = PBXGroup;
			children = (
				38271A81228764AE00395000 /* demo */,
				38271A80228764AE00395000 /* Products */,
			);
			sourceTree = "<group>";
		};
		38271A80228764AE00395000 /* Products */ = {
			isa = PBXGroup;
			children = (
				38271A7F228764AE00395000 /* demo.app */,
			);
			name = Products;
			sourceTree = "<group>";
		};
		38271A81228764AE00395000 /* demo */ = {
			isa = PBXGroup;
			children = (
				38BF60C022A484640017633B /* LazyTest */,
				38BF60BD22A47A170017633B /* subscripts */,
				38BF60B822A2CEA40017633B /* Retain Cycle */,
				38BF609522A2939A0017633B /* Singleton */,
				38BF609222A1EC520017633B /* hashable and equatable */,
				38BF609122A1E9E50017633B /* protocol required init */,
				38BF609022A1E9BE0017633B /* protocols */,
				38271A82228764AE00395000 /* AppDelegate.swift */,
				38271A84228764AE00395000 /* ViewController.swift */,
				38271A86228764AE00395000 /* Main.storyboard */,
				38271A89228764B000395000 /* Assets.xcassets */,
				38271A8B228764B000395000 /* LaunchScreen.storyboard */,
				38271A8E228764B000395000 /* Info.plist */,
			);
			path = demo;
			sourceTree = "<group>";
		};
		38BF609022A1E9BE0017633B /* protocols */ = {
			isa = PBXGroup;
			children = (
				38BF608A22A1D6340017633B /* TestProtocol.swift */,
				38BF608C22A1D6750017633B /* TestImpl.swift */,
			);
			path = protocols;
			sourceTree = "<group>";
		};
		38BF609122A1E9E50017633B /* protocol required init */ = {
			isa = PBXGroup;
			children = (
				38BF608E22A1DCF50017633B /* Square.swift */,
				381F76BA22A056DF001627D6 /* Rectangle.swift */,
			);
			path = "protocol required init";
			sourceTree = "<group>";
		};
		38BF609222A1EC520017633B /* hashable and equatable */ = {
			isa = PBXGroup;
			children = (
				38BF609322A1EC7C0017633B /* Dog.swift */,
			);
			path = "hashable and equatable";
			sourceTree = "<group>";
		};
		38BF609522A2939A0017633B /* Singleton */ = {
			isa = PBXGroup;
			children = (
				38BF609622A293B00017633B /* SingletonUser.swift */,
			);
			path = Singleton;
			sourceTree = "<group>";
		};
		38BF60B822A2CEA40017633B /* Retain Cycle */ = {
			isa = PBXGroup;
			children = (
				38BF60B922A2CEC40017633B /* Owner.swift */,
				38BF60BB22A2CED20017633B /* Appartment.swift */,
			);
			path = "Retain Cycle";
			sourceTree = "<group>";
		};
		38BF60BD22A47A170017633B /* subscripts */ = {
			isa = PBXGroup;
			children = (
				38BF60BE22A47A310017633B /* SubscriptTest.swift */,
			);
			path = subscripts;
			sourceTree = "<group>";
		};
		38BF60C022A484640017633B /* LazyTest */ = {
			isa = PBXGroup;
			children = (
				38BF60C122A484930017633B /* LazyDemo.swift */,
			);
			path = LazyTest;
			sourceTree = "<group>";
		};
/* End PBXGroup section */

/* Begin PBXNativeTarget section */
		38271A7E228764AE00395000 /* demo */ = {
			isa = PBXNativeTarget;
			buildConfigurationList = 38271A91228764B000395000 /* Build configuration list for PBXNativeTarget "demo" */;
			buildPhases = (
				38271A7B228764AE00395000 /* Sources */,
				38271A7C228764AE00395000 /* Frameworks */,
				38271A7D228764AE00395000 /* Resources */,
			);
			buildRules = (
			);
			dependencies = (
			);
			name = demo;
			productName = demo;
			productReference = 38271A7F228764AE00395000 /* demo.app */;
			productType = "com.apple.product-type.application";
		};
/* End PBXNativeTarget section */

/* Begin PBXProject section */
		38271A77228764AE00395000 /* Project object */ = {
			isa = PBXProject;
			attributes = {
				LastSwiftUpdateCheck = 0930;
				LastUpgradeCheck = 0930;
				ORGANIZATIONNAME = Salma;
				TargetAttributes = {
					38271A7E228764AE00395000 = {
						CreatedOnToolsVersion = 9.3;
					};
				};
			};
			buildConfigurationList = 38271A7A228764AE00395000 /* Build configuration list for PBXProject "demo" */;
			compatibilityVersion = "Xcode 9.3";
			developmentRegion = en;
			hasScannedForEncodings = 0;
			knownRegions = (
				en,
				Base,
			);
			mainGroup = 38271A76228764AE00395000;
			productRefGroup = 38271A80228764AE00395000 /* Products */;
			projectDirPath = "";
			projectRoot = "";
			targets = (
				38271A7E228764AE00395000 /* demo */,
			);
		};
/* End PBXProject section */

/* Begin PBXResourcesBuildPhase section */
		38271A7D228764AE00395000 /* Resources */ = {
			isa = PBXResourcesBuildPhase;
			buildActionMask = 2147483647;
			files = (
				38271A8D228764B000395000 /* LaunchScreen.storyboard in Resources */,
				38271A8A228764B000395000 /* Assets.xcassets in Resources */,
				38271A88228764AE00395000 /* Main.storyboard in Resources */,
			);
			runOnlyForDeploymentPostprocessing = 0;
		};
/* End PBXResourcesBuildPhase section */

/* Begin PBXSourcesBuildPhase section */
		38271A7B228764AE00395000 /* Sources */ = {
			isa = PBXSourcesBuildPhase;
			buildActionMask = 2147483647;
			files = (
				38BF60BF22A47A310017633B /* SubscriptTest.swift in Sources */,
				38BF608F22A1DCF50017633B /* Square.swift in Sources */,
				38BF609422A1EC7C0017633B /* Dog.swift in Sources */,
				381F76BB22A056DF001627D6 /* Rectangle.swift in Sources */,
				38271A85228764AE00395000 /* ViewController.swift in Sources */,
				38BF60BA22A2CEC40017633B /* Owner.swift in Sources */,
				38BF609722A293B00017633B /* SingletonUser.swift in Sources */,
				38271A83228764AE00395000 /* AppDelegate.swift in Sources */,
				38BF60BC22A2CED20017633B /* Appartment.swift in Sources */,
				38BF608B22A1D6340017633B /* TestProtocol.swift in Sources */,
				38BF60C222A484930017633B /* LazyDemo.swift in Sources */,
				38BF608D22A1D6750017633B /* TestImpl.swift in Sources */,
			);
			runOnlyForDeploymentPostprocessing = 0;
		};
/* End PBXSourcesBuildPhase section */

/* Begin PBXVariantGroup section */
		38271A86228764AE00395000 /* Main.storyboard */ = {
			isa = PBXVariantGroup;
			children = (
				38271A87228764AE00395000 /* Base */,
			);
			name = Main.storyboard;
			sourceTree = "<group>";
		};
		38271A8B228764B000395000 /* LaunchScreen.storyboard */ = {
			isa = PBXVariantGroup;
			children = (
				38271A8C228764B000395000 /* Base */,
			);
			name = LaunchScreen.storyboard;
			sourceTree = "<group>";
		};
/* End PBXVariantGroup section */

/* Begin XCBuildConfiguration section */
		38271A8F228764B000395000 /* Debug */ = {
			isa = XCBuildConfiguration;
			buildSettings = {
				ALWAYS_SEARCH_USER_PATHS = NO;
				CLANG_ANALYZER_NONNULL = YES;
				CLANG_ANALYZER_NUMBER_OBJECT_CONVERSION = YES_AGGRESSIVE;
				CLANG_CXX_LANGUAGE_STANDARD = "gnu++14";
				CLANG_CXX_LIBRARY = "libc++";
				CLANG_ENABLE_MODULES = YES;
				CLANG_ENABLE_OBJC_ARC = YES;
				CLANG_ENABLE_OBJC_WEAK = YES;
				CLANG_WARN_BLOCK_CAPTURE_AUTORELEASING = YES;
				CLANG_WARN_BOOL_CONVERSION = YES;
				CLANG_WARN_COMMA = YES;
				CLANG_WARN_CONSTANT_CONVERSION = YES;
				CLANG_WARN_DEPRECATED_OBJC_IMPLEMENTATIONS = YES;
				CLANG_WARN_DIRECT_OBJC_ISA_USAGE = YES_ERROR;
				CLANG_WARN_DOCUMENTATION_COMMENTS = YES;
				CLANG_WARN_EMPTY_BODY = YES;
				CLANG_WARN_ENUM_CONVERSION = YES;
				CLANG_WARN_INFINITE_RECURSION = YES;
				CLANG_WARN_INT_CONVERSION = YES;
				CLANG_WARN_NON_LITERAL_NULL_CONVERSION = YES;
				CLANG_WARN_OBJC_IMPLICIT_RETAIN_SELF = YES;
				CLANG_WARN_OBJC_LITERAL_CONVERSION = YES;
				CLANG_WARN_OBJC_ROOT_CLASS = YES_ERROR;
				CLANG_WARN_RANGE_LOOP_ANALYSIS = YES;
				CLANG_WARN_STRICT_PROTOTYPES = YES;
				CLANG_WARN_SUSPICIOUS_MOVE = YES;
				CLANG_WARN_UNGUARDED_AVAILABILITY = YES_AGGRESSIVE;
				CLANG_WARN_UNREACHABLE_CODE = YES;
				CLANG_WARN__DUPLICATE_METHOD_MATCH = YES;
				CODE_SIGN_IDENTITY = "iPhone Developer";
				COPY_PHASE_STRIP = NO;
				DEBUG_INFORMATION_FORMAT = dwarf;
				ENABLE_STRICT_OBJC_MSGSEND = YES;
				ENABLE_TESTABILITY = YES;
				GCC_C_LANGUAGE_STANDARD = gnu11;
				GCC_DYNAMIC_NO_PIC = NO;
				GCC_NO_COMMON_BLOCKS = YES;
				GCC_OPTIMIZATION_LEVEL = 0;
				GCC_PREPROCESSOR_DEFINITIONS = (
					"DEBUG=1",
					"$(inherited)",
				);
				GCC_WARN_64_TO_32_BIT_CONVERSION = YES;
				GCC_WARN_ABOUT_RETURN_TYPE = YES_ERROR;
				GCC_WARN_UNDECLARED_SELECTOR = YES;
				GCC_WARN_UNINITIALIZED_AUTOS = YES_AGGRESSIVE;
				GCC_WARN_UNUSED_FUNCTION = YES;
				GCC_WARN_UNUSED_VARIABLE = YES;
				IPHONEOS_DEPLOYMENT_TARGET = 11.3;
				MTL_ENABLE_DEBUG_INFO = YES;
				ONLY_ACTIVE_ARCH = YES;
				SDKROOT = iphoneos;
				SWIFT_ACTIVE_COMPILATION_CONDITIONS = DEBUG;
				SWIFT_OPTIMIZATION_LEVEL = "-Onone";
			};
			name = Debug;
		};
		38271A90228764B000395000 /* Release */ = {
			isa = XCBuildConfiguration;
			buildSettings = {
				ALWAYS_SEARCH_USER_PATHS = NO;
				CLANG_ANALYZER_NONNULL = YES;
				CLANG_ANALYZER_NUMBER_OBJECT_CONVERSION = YES_AGGRESSIVE;
				CLANG_CXX_LANGUAGE_STANDARD = "gnu++14";
				CLANG_CXX_LIBRARY = "libc++";
				CLANG_ENABLE_MODULES = YES;
				CLANG_ENABLE_OBJC_ARC = YES;
				CLANG_ENABLE_OBJC_WEAK = YES;
				CLANG_WARN_BLOCK_CAPTURE_AUTORELEASING = YES;
				CLANG_WARN_BOOL_CONVERSION = YES;
				CLANG_WARN_COMMA = YES;
				CLANG_WARN_CONSTANT_CONVERSION = YES;
				CLANG_WARN_DEPRECATED_OBJC_IMPLEMENTATIONS = YES;
				CLANG_WARN_DIRECT_OBJC_ISA_USAGE = YES_ERROR;
				CLANG_WARN_DOCUMENTATION_COMMENTS = YES;
				CLANG_WARN_EMPTY_BODY = YES;
				CLANG_WARN_ENUM_CONVERSION = YES;
				CLANG_WARN_INFINITE_RECURSION = YES;
				CLANG_WARN_INT_CONVERSION = YES;
				CLANG_WARN_NON_LITERAL_NULL_CONVERSION = YES;
				CLANG_WARN_OBJC_IMPLICIT_RETAIN_SELF = YES;
				CLANG_WARN_OBJC_LITERAL_CONVERSION = YES;
				CLANG_WARN_OBJC_ROOT_CLASS = YES_ERROR;
				CLANG_WARN_RANGE_LOOP_ANALYSIS = YES;
				CLANG_WARN_STRICT_PROTOTYPES = YES;
				CLANG_WARN_SUSPICIOUS_MOVE = YES;
				CLANG_WARN_UNGUARDED_AVAILABILITY = YES_AGGRESSIVE;
				CLANG_WARN_UNREACHABLE_CODE = YES;
				CLANG_WARN__DUPLICATE_METHOD_MATCH = YES;
				CODE_SIGN_IDENTITY = "iPhone Developer";
				COPY_PHASE_STRIP = NO;
				DEBUG_INFORMATION_FORMAT = "dwarf-with-dsym";
				ENABLE_NS_ASSERTIONS = NO;
				ENABLE_STRICT_OBJC_MSGSEND = YES;
				GCC_C_LANGUAGE_STANDARD = gnu11;
				GCC_NO_COMMON_BLOCKS = YES;
				GCC_WARN_64_TO_32_BIT_CONVERSION = YES;
				GCC_WARN_ABOUT_RETURN_TYPE = YES_ERROR;
				GCC_WARN_UNDECLARED_SELECTOR = YES;
				GCC_WARN_UNINITIALIZED_AUTOS = YES_AGGRESSIVE;
				GCC_WARN_UNUSED_FUNCTION = YES;
				GCC_WARN_UNUSED_VARIABLE = YES;
				IPHONEOS_DEPLOYMENT_TARGET = 11.3;
				MTL_ENABLE_DEBUG_INFO = NO;
				SDKROOT = iphoneos;
				SWIFT_COMPILATION_MODE = wholemodule;
				SWIFT_OPTIMIZATION_LEVEL = "-O";
				VALIDATE_PRODUCT = YES;
			};
			name = Release;
		};
		38271A92228764B000395000 /* Debug */ = {
			isa = XCBuildConfiguration;
			buildSettings = {
				ASSETCATALOG_COMPILER_APPICON_NAME = AppIcon;
				CODE_SIGN_STYLE = Automatic;
				INFOPLIST_FILE = demo/Info.plist;
				LD_RUNPATH_SEARCH_PATHS = (
					"$(inherited)",
					"@executable_path/Frameworks",
				);
				PRODUCT_BUNDLE_IDENTIFIER = com.salma.demo;
				PRODUCT_NAME = "$(TARGET_NAME)";
				SWIFT_VERSION = 4.0;
				TARGETED_DEVICE_FAMILY = "1,2";
			};
			name = Debug;
		};
		38271A93228764B000395000 /* Release */ = {
			isa = XCBuildConfiguration;
			buildSettings = {
				ASSETCATALOG_COMPILER_APPICON_NAME = AppIcon;
				CODE_SIGN_STYLE = Automatic;
				INFOPLIST_FILE = demo/Info.plist;
				LD_RUNPATH_SEARCH_PATHS = (
					"$(inherited)",
					"@executable_path/Frameworks",
				);
				PRODUCT_BUNDLE_IDENTIFIER = com.salma.demo;
				PRODUCT_NAME = "$(TARGET_NAME)";
				SWIFT_VERSION = 4.0;
				TARGETED_DEVICE_FAMILY = "1,2";
			};
			name = Release;
		};
/* End XCBuildConfiguration section */

/* Begin XCConfigurationList section */
		38271A7A228764AE00395000 /* Build configuration list for PBXProject "demo" */ = {
			isa = XCConfigurationList;
			buildConfigurations = (
				38271A8F228764B000395000 /* Debug */,
				38271A90228764B000395000 /* Release */,
			);
			defaultConfigurationIsVisible = 0;
			defaultConfigurationName = Release;
		};
		38271A91228764B000395000 /* Build configuration list for PBXNativeTarget "demo" */ = {
			isa = XCConfigurationList;
			buildConfigurations = (
				38271A92228764B000395000 /* Debug */,
				38271A93228764B000395000 /* Release */,
			);
			defaultConfigurationIsVisible = 0;
			defaultConfigurationName = Release;
		};
/* End XCConfigurationList section */
	};
	rootObject = 38271A77228764AE00395000 /* Project object */;
}
